
Microsoft Visual Studio Solution File, Format Version 11.00
# Visual Studio 2010
Project("{FAE04EC0-301F-11D3-BF4B-00C04F79EFBC}") = "Web", "Web\Web.csproj", "{015E62BF-DE41-46B4-932F-3F0D72DAB464}"
EndProject
Project("{FAE04EC0-301F-11D3-BF4B-00C04F79EFBC}") = "BLL", "BLL\BLL.csproj", "{52A6CBA2-5CA0-4B3F-8341-84CBEE3CC724}"
EndProject
Project("{FAE04EC0-301F-11D3-BF4B-00C04F79EFBC}") = "Model", "Model\Model.csproj", "{EEFD84CE-E8E8-4B42-BE68-0CA9D75E7CA4}"
EndProject
Project("{2150E333-8FDC-42A3-9474-1A3956D46DE8}") = "Server", "Server", "{16C9FAE8-6F70-4119-9C19-98CCCC9644D8}"
EndProject
Project("{FAE04EC0-301F-11D3-BF4B-00C04F79EFBC}") = "Common", "Common\Common.csproj", "{52FBCC50-49BC-4E64-AFEA-DA9D451A2EAB}"
EndProject
Global
	GlobalSection(SolutionConfigurationPlatforms) = preSolution
		Debug|Any CPU = Debug|Any CPU
		Debug|Mixed Platforms = Debug|Mixed Platforms
		Debug|x86 = Debug|x86
		Release|Any CPU = Release|Any CPU
		Release|Mixed Platforms = Release|Mixed Platforms
		Release|x86 = Release|x86
	EndGlobalSection
	GlobalSection(ProjectConfigurationPlatforms) = postSolution
		{015E62BF-DE41-46B4-932F-3F0D72DAB464}.Debug|Any CPU.ActiveCfg = Debug|Any CPU
		{015E62BF-DE41-46B4-932F-3F0D72DAB464}.Debug|Any CPU.Build.0 = Debug|Any CPU
		{015E62BF-DE41-46B4-932F-3F0D72DAB464}.Debug|Mixed Platforms.ActiveCfg = Debug|Any CPU
		{015E62BF-DE41-46B4-932F-3F0D72DAB464}.Debug|Mixed Platforms.Build.0 = Debug|Any CPU
		{015E62BF-DE41-46B4-932F-3F0D72DAB464}.Debug|x86.ActiveCfg = Debug|Any CPU
		{015E62BF-DE41-46B4-932F-3F0D72DAB464}.Release|Any CPU.ActiveCfg = Release|Any CPU
		{015E62BF-DE41-46B4-932F-3F0D72DAB464}.Release|Any CPU.Build.0 = Release|Any CPU
		{015E62BF-DE41-46B4-932F-3F0D72DAB464}.Release|Mixed Platforms.ActiveCfg = Release|Any CPU
		{015E62BF-DE41-46B4-932F-3F0D72DAB464}.Release|Mixed Platforms.Build.0 = Release|Any CPU
		{015E62BF-DE41-46B4-932F-3F0D72DAB464}.Release|x86.ActiveCfg = Release|Any CPU
		{52A6CBA2-5CA0-4B3F-8341-84CBEE3CC724}.Debug|Any CPU.ActiveCfg = Debug|Any CPU
		{52A6CBA2-5CA0-4B3F-8341-84CBEE3CC724}.Debug|Any CPU.Build.0 = Debug|Any CPU
		{52A6CBA2-5CA0-4B3F-8341-84CBEE3CC724}.Debug|Mixed Platforms.ActiveCfg = Debug|Any CPU
		{52A6CBA2-5CA0-4B3F-8341-84CBEE3CC724}.Debug|Mixed Platforms.Build.0 = Debug|Any CPU
		{52A6CBA2-5CA0-4B3F-8341-84CBEE3CC724}.Debug|x86.ActiveCfg = Debug|Any CPU
		{52A6CBA2-5CA0-4B3F-8341-84CBEE3CC724}.Release|Any CPU.ActiveCfg = Release|Any CPU
		{52A6CBA2-5CA0-4B3F-8341-84CBEE3CC724}.Release|Any CPU.Build.0 = Release|Any CPU
		{52A6CBA2-5CA0-4B3F-8341-84CBEE3CC724}.Release|Mixed Platforms.ActiveCfg = Release|Any CPU
		{52A6CBA2-5CA0-4B3F-8341-84CBEE3CC724}.Release|Mixed Platforms.Build.0 = Release|Any CPU
		{52A6CBA2-5CA0-4B3F-8341-84CBEE3CC724}.Release|x86.ActiveCfg = Release|Any CPU
		{EEFD84CE-E8E8-4B42-BE68-0CA9D75E7CA4}.Debug|Any CPU.ActiveCfg = Debug|Any CPU
		{EEFD84CE-E8E8-4B42-BE68-0CA9D75E7CA4}.Debug|Any CPU.Build.0 = Debug|Any CPU
		{EEFD84CE-E8E8-4B42-BE68-0CA9D75E7CA4}.Debug|Mixed Platforms.ActiveCfg = Debug|Any CPU
		{EEFD84CE-E8E8-4B42-BE68-0CA9D75E7CA4}.Debug|Mixed Platforms.Build.0 = Debug|Any CPU
		{EEFD84CE-E8E8-4B42-BE68-0CA9D75E7CA4}.Debug|x86.ActiveCfg = Debug|Any CPU
		{EEFD84CE-E8E8-4B42-BE68-0CA9D75E7CA4}.Release|Any CPU.ActiveCfg = Release|Any CPU
		{EEFD84CE-E8E8-4B42-BE68-0CA9D75E7CA4}.Release|Any CPU.Build.0 = Release|Any CPU
		{EEFD84CE-E8E8-4B42-BE68-0CA9D75E7CA4}.Release|Mixed Platforms.ActiveCfg = Release|Any CPU
		{EEFD84CE-E8E8-4B42-BE68-0CA9D75E7CA4}.Release|Mixed Platforms.Build.0 = Release|Any CPU
		{EEFD84CE-E8E8-4B42-BE68-0CA9D75E7CA4}.Release|x86.ActiveCfg = Release|Any CPU
		{52FBCC50-49BC-4E64-AFEA-DA9D451A2EAB}.Debug|Any CPU.ActiveCfg = Debug|Any CPU
		{52FBCC50-49BC-4E64-AFEA-DA9D451A2EAB}.Debug|Any CPU.Build.0 = Debug|Any CPU
		{52FBCC50-49BC-4E64-AFEA-DA9D451A2EAB}.Debug|Mixed Platforms.ActiveCfg = Debug|Any CPU
		{52FBCC50-49BC-4E64-AFEA-DA9D451A2EAB}.Debug|Mixed Platforms.Build.0 = Debug|Any CPU
		{52FBCC50-49BC-4E64-AFEA-DA9D451A2EAB}.Debug|x86.ActiveCfg = Debug|Any CPU
		{52FBCC50-49BC-4E64-AFEA-DA9D451A2EAB}.Release|Any CPU.ActiveCfg = Release|Any CPU
		{52FBCC50-49BC-4E64-AFEA-DA9D451A2EAB}.Release|Any CPU.Build.0 = Release|Any CPU
		{52FBCC50-49BC-4E64-AFEA-DA9D451A2EAB}.Release|Mixed Platforms.ActiveCfg = Release|Any CPU
		{52FBCC50-49BC-4E64-AFEA-DA9D451A2EAB}.Release|Mixed Platforms.Build.0 = Release|Any CPU
		{52FBCC50-49BC-4E64-AFEA-DA9D451A2EAB}.Release|x86.ActiveCfg = Release|Any CPU
	EndGlobalSection
	GlobalSection(SolutionProperties) = preSolution
		HideSolutionNode = FALSE
	EndGlobalSection
	GlobalSection(NestedProjects) = preSolution
		{EEFD84CE-E8E8-4B42-BE68-0CA9D75E7CA4} = {16C9FAE8-6F70-4119-9C19-98CCCC9644D8}
		{52A6CBA2-5CA0-4B3F-8341-84CBEE3CC724} = {16C9FAE8-6F70-4119-9C19-98CCCC9644D8}
		{52FBCC50-49BC-4E64-AFEA-DA9D451A2EAB} = {16C9FAE8-6F70-4119-9C19-98CCCC9644D8}
	EndGlobalSection
EndGlobal
